
Microsoft Visual Studio Solution File, Format Version 12.00
# Visual Studio 2013
VisualStudioVersion = 12.0.31101.0
MinimumVisualStudioVersion = 10.0.40219.1
Project("{E24C65DC-7377-472B-9ABA-BC803B73C61A}") = "WebSite", "http://localhost:1464", "{18968BAB-3D46-4304-A9D3-1B8BA7CDE987}"
	ProjectSection(WebsiteProperties) = preProject
		UseIISExpress = "true"
		TargetFrameworkMoniker = ".NETFramework,Version%3Dv4.5.1"
		ProjectReferences = "{5bc9c7d9-eaf4-42c6-8373-9bf475ff704b}|WebSiteLibrary.dll;"
		Debug.AspNetCompiler.VirtualPath = "/localhost_1464"
		Debug.AspNetCompiler.PhysicalPath = "WebSite\"
		Debug.AspNetCompiler.TargetPath = "PrecompiledWeb\localhost_1464\"
		Debug.AspNetCompiler.Updateable = "true"
		Debug.AspNetCompiler.ForceOverwrite = "true"
		Debug.AspNetCompiler.FixedNames = "false"
		Debug.AspNetCompiler.Debug = "True"
		Release.AspNetCompiler.VirtualPath = "/localhost_1464"
		Release.AspNetCompiler.PhysicalPath = "WebSite\"
		Release.AspNetCompiler.TargetPath = "PrecompiledWeb\localhost_1464\"
		Release.AspNetCompiler.Updateable = "true"
		Release.AspNetCompiler.ForceOverwrite = "true"
		Release.AspNetCompiler.FixedNames = "false"
		Release.AspNetCompiler.Debug = "False"
		SlnRelativePath = "WebSite\"
		DefaultWebSiteLanguage = "Visual C#"
	EndProjectSection
EndProject
Project("{FAE04EC0-301F-11D3-BF4B-00C04F79EFBC}") = "WebSiteLibrary", "WebSiteLibrary\WebSiteLibrary.csproj", "{5BC9C7D9-EAF4-42C6-8373-9BF475FF704B}"
EndProject
Project("{2150E333-8FDC-42A3-9474-1A3956D46DE8}") = "1 Library", "1 Library", "{37EFC937-3ED0-4249-BCA8-32FAB5A1A936}"
EndProject
Project("{2150E333-8FDC-42A3-9474-1A3956D46DE8}") = "2 WebSite", "2 WebSite", "{CAA4DC1A-A551-446B-8781-95EADAB8634E}"
EndProject
Project("{FAE04EC0-301F-11D3-BF4B-00C04F79EFBC}") = "WebSiteLibraryTests", "WebSiteLibraryTests\WebSiteLibraryTests.csproj", "{37951529-1BB2-42C6-8FF9-39F59EAFE822}"
EndProject
Global
	GlobalSection(SolutionConfigurationPlatforms) = preSolution
		Debug|Any CPU = Debug|Any CPU
		Release|Any CPU = Release|Any CPU
	EndGlobalSection
	GlobalSection(ProjectConfigurationPlatforms) = postSolution
		{18968BAB-3D46-4304-A9D3-1B8BA7CDE987}.Debug|Any CPU.ActiveCfg = Debug|Any CPU
		{18968BAB-3D46-4304-A9D3-1B8BA7CDE987}.Debug|Any CPU.Build.0 = Debug|Any CPU
		{18968BAB-3D46-4304-A9D3-1B8BA7CDE987}.Release|Any CPU.ActiveCfg = Debug|Any CPU
		{18968BAB-3D46-4304-A9D3-1B8BA7CDE987}.Release|Any CPU.Build.0 = Debug|Any CPU
		{5BC9C7D9-EAF4-42C6-8373-9BF475FF704B}.Debug|Any CPU.ActiveCfg = Debug|Any CPU
		{5BC9C7D9-EAF4-42C6-8373-9BF475FF704B}.Debug|Any CPU.Build.0 = Debug|Any CPU
		{5BC9C7D9-EAF4-42C6-8373-9BF475FF704B}.Release|Any CPU.ActiveCfg = Release|Any CPU
		{5BC9C7D9-EAF4-42C6-8373-9BF475FF704B}.Release|Any CPU.Build.0 = Release|Any CPU
		{37951529-1BB2-42C6-8FF9-39F59EAFE822}.Debug|Any CPU.ActiveCfg = Debug|Any CPU
		{37951529-1BB2-42C6-8FF9-39F59EAFE822}.Debug|Any CPU.Build.0 = Debug|Any CPU
		{37951529-1BB2-42C6-8FF9-39F59EAFE822}.Release|Any CPU.ActiveCfg = Release|Any CPU
		{37951529-1BB2-42C6-8FF9-39F59EAFE822}.Release|Any CPU.Build.0 = Release|Any CPU
	EndGlobalSection
	GlobalSection(SolutionProperties) = preSolution
		HideSolutionNode = FALSE
	EndGlobalSection
	GlobalSection(NestedProjects) = preSolution
		{18968BAB-3D46-4304-A9D3-1B8BA7CDE987} = {CAA4DC1A-A551-446B-8781-95EADAB8634E}
		{5BC9C7D9-EAF4-42C6-8373-9BF475FF704B} = {37EFC937-3ED0-4249-BCA8-32FAB5A1A936}
		{37951529-1BB2-42C6-8FF9-39F59EAFE822} = {37EFC937-3ED0-4249-BCA8-32FAB5A1A936}
	EndGlobalSection
EndGlobal
